<?xml version="1.0" encoding="utf-8"?>
<Project ToolsVersion="4.0" xmlns="http://schemas.microsoft.com/developer/msbuild/2003">
  <ItemGroup>
    <Filter Include="Исходные файлы">
      <UniqueIdentifier>{4FC737F1-C7A5-4376-A066-2A32D752A2FF}</UniqueIdentifier>
      <Extensions>cpp;c;cc;cxx;c++;cppm;ixx;def;odl;idl;hpj;bat;asm;asmx</Extensions>
    </Filter>
    <Filter Include="Файлы заголовков">
      <UniqueIdentifier>{93995380-89BD-4b04-88EB-625FBE52EBFB}</UniqueIdentifier>
      <Extensions>h;hh;hpp;hxx;h++;hm;inl;inc;ipp;xsd</Extensions>
    </Filter>
    <Filter Include="Файлы ресурсов">
      <UniqueIdentifier>{67DA6AB6-F800-4c08-8B7A-83BB121AAD01}</UniqueIdentifier>
      <Extensions>rc;ico;cur;bmp;dlg;rc2;rct;bin;rgs;gif;jpg;jpeg;jpe;resx;tiff;tif;png;wav;mfcribbon-ms</Extensions>
    </Filter>
    <Filter Include="Исходные файлы\Encription">
      <UniqueIdentifier>{36ff0c7a-2766-4b83-be2a-e59c15586909}</UniqueIdentifier>
    </Filter>
    <Filter Include="Исходные файлы\Client">
      <UniqueIdentifier>{61a5f2b8-6559-4ff0-bdd1-dc2fdc723572}</UniqueIdentifier>
    </Filter>
  </ItemGroup>
  <ItemGroup>
    <ClCompile Include="rsa_encrypt_decrypt.cpp">
      <Filter>Исходные файлы\Encription</Filter>
    </ClCompile>
    <ClCompile Include="rsa_key.cpp">
      <Filter>Исходные файлы\Encription</Filter>
    </ClCompile>
    <ClCompile Include="rsa_keycreator.cpp">
      <Filter>Исходные файлы\Encription</Filter>
    </ClCompile>
    <ClCompile Include="main.cpp">
      <Filter>Исходные файлы</Filter>
    </ClCompile>
  </ItemGroup>
  <ItemGroup>
    <ClInclude Include="SoftwareDefintions.h">
      <Filter>Исходные файлы</Filter>
    </ClInclude>
    <ClInclude Include="resource.h">
      <Filter>Файлы заголовков</Filter>
    </ClInclude>
    <ClInclude Include="rsa_encrypt_decrypt.h">
      <Filter>Исходные файлы\Encription</Filter>
    </ClInclude>
    <ClInclude Include="rsa_key.h">
      <Filter>Исходные файлы\Encription</Filter>
    </ClInclude>
    <ClInclude Include="rsa_keycreator.h">
      <Filter>Исходные файлы\Encription</Filter>
    </ClInclude>
    <ClInclude Include="Base.h">
      <Filter>Исходные файлы\Encription</Filter>
    </ClInclude>
    <ClInclude Include="Client.h">
      <Filter>Исходные файлы\Client</Filter>
    </ClInclude>
    <ClInclude Include="RequestMaker.h">
      <Filter>Исходные файлы\Client</Filter>
    </ClInclude>
    <ClInclude Include="ResponseExtractor.h">
      <Filter>Исходные файлы\Client</Filter>
    </ClInclude>
    <ClInclude Include="User.h">
      <Filter>Исходные файлы\Client</Filter>
    </ClInclude>
    <ClInclude Include="UserIO.h">
      <Filter>Исходные файлы\Client</Filter>
    </ClInclude>
  </ItemGroup>
  <ItemGroup>
    <ResourceCompile Include="Project1.rc">
      <Filter>Файлы ресурсов</Filter>
    </ResourceCompile>
  </ItemGroup>
  <ItemGroup>
    <Image Include="..\Icon.ico">
      <Filter>Файлы ресурсов</Filter>
    </Image>
  </ItemGroup>
</Project>